
Microsoft Visual Studio Solution File, Format Version 12.00
# Visual Studio Version 16
VisualStudioVersion = 16.0.32126.315
MinimumVisualStudioVersion = 10.0.40219.1
Project("{9A19103F-16F7-4668-BE54-9A1E7A4F7556}") = "Ex01", "Ex01\Ex01.csproj", "{3361DE1C-2CD4-40B7-B640-BC27B3133544}"
EndProject
Project("{9A19103F-16F7-4668-BE54-9A1E7A4F7556}") = "Ex02", "Ex02\Ex02.csproj", "{848F04AE-6501-4697-9ED9-81849DA0FE95}"
EndProject
Project("{9A19103F-16F7-4668-BE54-9A1E7A4F7556}") = "Ex03", "Ex03\Ex03.csproj", "{D79F1338-4B65-4ED5-B683-AF6A195C8468}"
EndProject
Project("{9A19103F-16F7-4668-BE54-9A1E7A4F7556}") = "Ex04", "Ex04\Ex04.csproj", "{4DEECF2A-7C19-4C05-9C3D-6F6D54E0A649}"
EndProject
Project("{9A19103F-16F7-4668-BE54-9A1E7A4F7556}") = "Ex05", "Ex05\Ex05.csproj", "{0479DF62-4538-46FA-88BC-9F3FDC1FAD3C}"
EndProject
Project("{9A19103F-16F7-4668-BE54-9A1E7A4F7556}") = "Ex06", "Ex06\Ex06.csproj", "{303C7F11-E6A4-4B32-8F3F-847118F18DBD}"
EndProject
Project("{9A19103F-16F7-4668-BE54-9A1E7A4F7556}") = "Ex07", "Ex07\Ex07.csproj", "{9E655210-21DB-411A-B72D-014BF63A9445}"
EndProject
Project("{9A19103F-16F7-4668-BE54-9A1E7A4F7556}") = "Ex08", "Ex08\Ex08.csproj", "{1D1C047F-B2FD-4552-9E11-297934761490}"
EndProject
Project("{9A19103F-16F7-4668-BE54-9A1E7A4F7556}") = "Ex09", "Ex09\Ex09.csproj", "{21BADAC9-8E80-4A46-92EE-AB0EF7AAB6A1}"
EndProject
Project("{9A19103F-16F7-4668-BE54-9A1E7A4F7556}") = "Ex10", "Ex10\Ex10.csproj", "{6AA430C0-D71C-4721-8156-BC25A33540BC}"
EndProject
Project("{9A19103F-16F7-4668-BE54-9A1E7A4F7556}") = "Ex11", "Ex11\Ex11.csproj", "{5DC60B3F-A5DF-48CC-BB38-EF82CFB14749}"
EndProject
Project("{9A19103F-16F7-4668-BE54-9A1E7A4F7556}") = "Ex12", "Ex12\Ex12.csproj", "{657DF150-3C56-4CEA-BC8A-EE7503F68CA0}"
EndProject
Project("{9A19103F-16F7-4668-BE54-9A1E7A4F7556}") = "Ex13", "Ex13\Ex13.csproj", "{302AD03B-8B23-4080-9871-46B7EDF8CF81}"
EndProject
Project("{FAE04EC0-301F-11D3-BF4B-00C04F79EFBC}") = "Secao2Ex1", "Secao2Ex1\Secao2Ex1.csproj", "{04BB4F2B-10ED-4A2C-8400-0CDBBD446F95}"
EndProject
Project("{FAE04EC0-301F-11D3-BF4B-00C04F79EFBC}") = "Secao4Ex1", "Secao4Ex1\Secao4Ex1.csproj", "{1F6958A3-CCA4-44AA-9453-D4896663C5B7}"
EndProject
Global
	GlobalSection(SolutionConfigurationPlatforms) = preSolution
		Debug|Any CPU = Debug|Any CPU
		Release|Any CPU = Release|Any CPU
	EndGlobalSection
	GlobalSection(ProjectConfigurationPlatforms) = postSolution
		{3361DE1C-2CD4-40B7-B640-BC27B3133544}.Debug|Any CPU.ActiveCfg = Debug|Any CPU
		{3361DE1C-2CD4-40B7-B640-BC27B3133544}.Debug|Any CPU.Build.0 = Debug|Any CPU
		{3361DE1C-2CD4-40B7-B640-BC27B3133544}.Release|Any CPU.ActiveCfg = Release|Any CPU
		{3361DE1C-2CD4-40B7-B640-BC27B3133544}.Release|Any CPU.Build.0 = Release|Any CPU
		{848F04AE-6501-4697-9ED9-81849DA0FE95}.Debug|Any CPU.ActiveCfg = Debug|Any CPU
		{848F04AE-6501-4697-9ED9-81849DA0FE95}.Debug|Any CPU.Build.0 = Debug|Any CPU
		{848F04AE-6501-4697-9ED9-81849DA0FE95}.Release|Any CPU.ActiveCfg = Release|Any CPU
		{848F04AE-6501-4697-9ED9-81849DA0FE95}.Release|Any CPU.Build.0 = Release|Any CPU
		{D79F1338-4B65-4ED5-B683-AF6A195C8468}.Debug|Any CPU.ActiveCfg = Debug|Any CPU
		{D79F1338-4B65-4ED5-B683-AF6A195C8468}.Debug|Any CPU.Build.0 = Debug|Any CPU
		{D79F1338-4B65-4ED5-B683-AF6A195C8468}.Release|Any CPU.ActiveCfg = Release|Any CPU
		{D79F1338-4B65-4ED5-B683-AF6A195C8468}.Release|Any CPU.Build.0 = Release|Any CPU
		{4DEECF2A-7C19-4C05-9C3D-6F6D54E0A649}.Debug|Any CPU.ActiveCfg = Debug|Any CPU
		{4DEECF2A-7C19-4C05-9C3D-6F6D54E0A649}.Debug|Any CPU.Build.0 = Debug|Any CPU
		{4DEECF2A-7C19-4C05-9C3D-6F6D54E0A649}.Release|Any CPU.ActiveCfg = Release|Any CPU
		{4DEECF2A-7C19-4C05-9C3D-6F6D54E0A649}.Release|Any CPU.Build.0 = Release|Any CPU
		{0479DF62-4538-46FA-88BC-9F3FDC1FAD3C}.Debug|Any CPU.ActiveCfg = Debug|Any CPU
		{0479DF62-4538-46FA-88BC-9F3FDC1FAD3C}.Debug|Any CPU.Build.0 = Debug|Any CPU
		{0479DF62-4538-46FA-88BC-9F3FDC1FAD3C}.Release|Any CPU.ActiveCfg = Release|Any CPU
		{0479DF62-4538-46FA-88BC-9F3FDC1FAD3C}.Release|Any CPU.Build.0 = Release|Any CPU
		{303C7F11-E6A4-4B32-8F3F-847118F18DBD}.Debug|Any CPU.ActiveCfg = Debug|Any CPU
		{303C7F11-E6A4-4B32-8F3F-847118F18DBD}.Debug|Any CPU.Build.0 = Debug|Any CPU
		{303C7F11-E6A4-4B32-8F3F-847118F18DBD}.Release|Any CPU.ActiveCfg = Release|Any CPU
		{303C7F11-E6A4-4B32-8F3F-847118F18DBD}.Release|Any CPU.Build.0 = Release|Any CPU
		{9E655210-21DB-411A-B72D-014BF63A9445}.Debug|Any CPU.ActiveCfg = Debug|Any CPU
		{9E655210-21DB-411A-B72D-014BF63A9445}.Debug|Any CPU.Build.0 = Debug|Any CPU
		{9E655210-21DB-411A-B72D-014BF63A9445}.Release|Any CPU.ActiveCfg = Release|Any CPU
		{9E655210-21DB-411A-B72D-014BF63A9445}.Release|Any CPU.Build.0 = Release|Any CPU
		{1D1C047F-B2FD-4552-9E11-297934761490}.Debug|Any CPU.ActiveCfg = Debug|Any CPU
		{1D1C047F-B2FD-4552-9E11-297934761490}.Debug|Any CPU.Build.0 = Debug|Any CPU
		{1D1C047F-B2FD-4552-9E11-297934761490}.Release|Any CPU.ActiveCfg = Release|Any CPU
		{1D1C047F-B2FD-4552-9E11-297934761490}.Release|Any CPU.Build.0 = Release|Any CPU
		{21BADAC9-8E80-4A46-92EE-AB0EF7AAB6A1}.Debug|Any CPU.ActiveCfg = Debug|Any CPU
		{21BADAC9-8E80-4A46-92EE-AB0EF7AAB6A1}.Debug|Any CPU.Build.0 = Debug|Any CPU
		{21BADAC9-8E80-4A46-92EE-AB0EF7AAB6A1}.Release|Any CPU.ActiveCfg = Release|Any CPU
		{21BADAC9-8E80-4A46-92EE-AB0EF7AAB6A1}.Release|Any CPU.Build.0 = Release|Any CPU
		{6AA430C0-D71C-4721-8156-BC25A33540BC}.Debug|Any CPU.ActiveCfg = Debug|Any CPU
		{6AA430C0-D71C-4721-8156-BC25A33540BC}.Debug|Any CPU.Build.0 = Debug|Any CPU
		{6AA430C0-D71C-4721-8156-BC25A33540BC}.Release|Any CPU.ActiveCfg = Release|Any CPU
		{6AA430C0-D71C-4721-8156-BC25A33540BC}.Release|Any CPU.Build.0 = Release|Any CPU
		{5DC60B3F-A5DF-48CC-BB38-EF82CFB14749}.Debug|Any CPU.ActiveCfg = Debug|Any CPU
		{5DC60B3F-A5DF-48CC-BB38-EF82CFB14749}.Debug|Any CPU.Build.0 = Debug|Any CPU
		{5DC60B3F-A5DF-48CC-BB38-EF82CFB14749}.Release|Any CPU.ActiveCfg = Release|Any CPU
		{5DC60B3F-A5DF-48CC-BB38-EF82CFB14749}.Release|Any CPU.Build.0 = Release|Any CPU
		{657DF150-3C56-4CEA-BC8A-EE7503F68CA0}.Debug|Any CPU.ActiveCfg = Debug|Any CPU
		{657DF150-3C56-4CEA-BC8A-EE7503F68CA0}.Debug|Any CPU.Build.0 = Debug|Any CPU
		{657DF150-3C56-4CEA-BC8A-EE7503F68CA0}.Release|Any CPU.ActiveCfg = Release|Any CPU
		{657DF150-3C56-4CEA-BC8A-EE7503F68CA0}.Release|Any CPU.Build.0 = Release|Any CPU
		{302AD03B-8B23-4080-9871-46B7EDF8CF81}.Debug|Any CPU.ActiveCfg = Debug|Any CPU
		{302AD03B-8B23-4080-9871-46B7EDF8CF81}.Debug|Any CPU.Build.0 = Debug|Any CPU
		{302AD03B-8B23-4080-9871-46B7EDF8CF81}.Release|Any CPU.ActiveCfg = Release|Any CPU
		{302AD03B-8B23-4080-9871-46B7EDF8CF81}.Release|Any CPU.Build.0 = Release|Any CPU
		{04BB4F2B-10ED-4A2C-8400-0CDBBD446F95}.Debug|Any CPU.ActiveCfg = Debug|Any CPU
		{04BB4F2B-10ED-4A2C-8400-0CDBBD446F95}.Debug|Any CPU.Build.0 = Debug|Any CPU
		{04BB4F2B-10ED-4A2C-8400-0CDBBD446F95}.Release|Any CPU.ActiveCfg = Release|Any CPU
		{04BB4F2B-10ED-4A2C-8400-0CDBBD446F95}.Release|Any CPU.Build.0 = Release|Any CPU
		{1F6958A3-CCA4-44AA-9453-D4896663C5B7}.Debug|Any CPU.ActiveCfg = Debug|Any CPU
		{1F6958A3-CCA4-44AA-9453-D4896663C5B7}.Debug|Any CPU.Build.0 = Debug|Any CPU
		{1F6958A3-CCA4-44AA-9453-D4896663C5B7}.Release|Any CPU.ActiveCfg = Release|Any CPU
		{1F6958A3-CCA4-44AA-9453-D4896663C5B7}.Release|Any CPU.Build.0 = Release|Any CPU
	EndGlobalSection
	GlobalSection(SolutionProperties) = preSolution
		HideSolutionNode = FALSE
	EndGlobalSection
	GlobalSection(ExtensibilityGlobals) = postSolution
		SolutionGuid = {254DAAC9-BA9B-4059-B495-63442DF2C109}
	EndGlobalSection
EndGlobal
